
Microsoft Visual Studio Solution File, Format Version 12.00
# Visual Studio Version 17
VisualStudioVersion = 17.2.32630.192
MinimumVisualStudioVersion = 10.0.40219.1
Project("{9A19103F-16F7-4668-BE54-9A1E7A4F7556}") = "PetShelterDemo", "PetShelterDemo\PetShelterDemo.csproj", "{C8DC1D61-5694-4D04-A657-C2D5D78102D5}"
EndProject
Project("{9A19103F-16F7-4668-BE54-9A1E7A4F7556}") = "PetShelterDemo.Domain", "PetShelterDemo.Domain\PetShelterDemo.Domain.csproj", "{34185CA0-5B4C-4961-A8FD-BCA2A835A002}"
EndProject
Project("{2150E333-8FDC-42A3-9474-1A3956D46DE8}") = "01 Presentation Layer", "01 Presentation Layer", "{D714B36E-CC10-4B3C-A1B7-A33F874D4304}"
EndProject
Project("{2150E333-8FDC-42A3-9474-1A3956D46DE8}") = "02 Domain Layer", "02 Domain Layer", "{23891A6C-892D-43B7-896B-BA2782B3D499}"
EndProject
Project("{2150E333-8FDC-42A3-9474-1A3956D46DE8}") = "03 DAL - Refactor", "03 DAL - Refactor", "{ADBB2950-FB8D-49C5-877A-36D60D5E4B60}"
EndProject
Project("{9A19103F-16F7-4668-BE54-9A1E7A4F7556}") = "PetShelterDemo.DataAccessLayer", "PetShelterDemo.DataAccessLayer\PetShelterDemo.DataAccessLayer.csproj", "{D84543A5-6311-4674-A145-B1811C2EE683}"
EndProject
Global
	GlobalSection(SolutionConfigurationPlatforms) = preSolution
		Debug|Any CPU = Debug|Any CPU
		Release|Any CPU = Release|Any CPU
	EndGlobalSection
	GlobalSection(ProjectConfigurationPlatforms) = postSolution
		{C8DC1D61-5694-4D04-A657-C2D5D78102D5}.Debug|Any CPU.ActiveCfg = Debug|Any CPU
		{C8DC1D61-5694-4D04-A657-C2D5D78102D5}.Debug|Any CPU.Build.0 = Debug|Any CPU
		{C8DC1D61-5694-4D04-A657-C2D5D78102D5}.Release|Any CPU.ActiveCfg = Release|Any CPU
		{C8DC1D61-5694-4D04-A657-C2D5D78102D5}.Release|Any CPU.Build.0 = Release|Any CPU
		{34185CA0-5B4C-4961-A8FD-BCA2A835A002}.Debug|Any CPU.ActiveCfg = Debug|Any CPU
		{34185CA0-5B4C-4961-A8FD-BCA2A835A002}.Debug|Any CPU.Build.0 = Debug|Any CPU
		{34185CA0-5B4C-4961-A8FD-BCA2A835A002}.Release|Any CPU.ActiveCfg = Release|Any CPU
		{34185CA0-5B4C-4961-A8FD-BCA2A835A002}.Release|Any CPU.Build.0 = Release|Any CPU
		{D84543A5-6311-4674-A145-B1811C2EE683}.Debug|Any CPU.ActiveCfg = Debug|Any CPU
		{D84543A5-6311-4674-A145-B1811C2EE683}.Debug|Any CPU.Build.0 = Debug|Any CPU
		{D84543A5-6311-4674-A145-B1811C2EE683}.Release|Any CPU.ActiveCfg = Release|Any CPU
		{D84543A5-6311-4674-A145-B1811C2EE683}.Release|Any CPU.Build.0 = Release|Any CPU
	EndGlobalSection
	GlobalSection(SolutionProperties) = preSolution
		HideSolutionNode = FALSE
	EndGlobalSection
	GlobalSection(NestedProjects) = preSolution
		{C8DC1D61-5694-4D04-A657-C2D5D78102D5} = {D714B36E-CC10-4B3C-A1B7-A33F874D4304}
		{34185CA0-5B4C-4961-A8FD-BCA2A835A002} = {23891A6C-892D-43B7-896B-BA2782B3D499}
		{D84543A5-6311-4674-A145-B1811C2EE683} = {ADBB2950-FB8D-49C5-877A-36D60D5E4B60}
	EndGlobalSection
	GlobalSection(ExtensibilityGlobals) = postSolution
		SolutionGuid = {6AC2B01D-C981-4F1F-B267-788A1F3969D6}
	EndGlobalSection
EndGlobal
